
Microsoft Visual Studio Solution File, Format Version 12.00
# Visual Studio 15
VisualStudioVersion = 15.0.28307.902
MinimumVisualStudioVersion = 10.0.40219.1
Project("{FAE04EC0-301F-11D3-BF4B-00C04F79EFBC}") = "JocaSport", "JocaSport\JocaSport.csproj", "{283787F0-7DCB-491C-B0BC-0241160E635A}"
EndProject
Global
	GlobalSection(SolutionConfigurationPlatforms) = preSolution
		Debug|Any CPU = Debug|Any CPU
		Release|Any CPU = Release|Any CPU
	EndGlobalSection
	GlobalSection(ProjectConfigurationPlatforms) = postSolution
		{283787F0-7DCB-491C-B0BC-0241160E635A}.Debug|Any CPU.ActiveCfg = Debug|Any CPU
		{283787F0-7DCB-491C-B0BC-0241160E635A}.Debug|Any CPU.Build.0 = Debug|Any CPU
		{283787F0-7DCB-491C-B0BC-0241160E635A}.Release|Any CPU.ActiveCfg = Release|Any CPU
		{283787F0-7DCB-491C-B0BC-0241160E635A}.Release|Any CPU.Build.0 = Release|Any CPU
	EndGlobalSection
	GlobalSection(SolutionProperties) = preSolution
		HideSolutionNode = FALSE
	EndGlobalSection
	GlobalSection(ExtensibilityGlobals) = postSolution
		SolutionGuid = {5E829A11-D077-4C0C-A17B-B7382393A3A6}
	EndGlobalSection
EndGlobal
