
Microsoft Visual Studio Solution File, Format Version 12.00
# Visual Studio 15
VisualStudioVersion = 15.0.28307.902
MinimumVisualStudioVersion = 10.0.40219.1
Project("{00D1A9C2-B5F0-4AF3-8072-F6C62B433612}") = "JocaSportDB", "JocaSportDB\JocaSportDB.sqlproj", "{754A2B4A-304D-4B34-8D30-53069CFE8607}"
EndProject
Global
	GlobalSection(SolutionConfigurationPlatforms) = preSolution
		Debug|Any CPU = Debug|Any CPU
		Release|Any CPU = Release|Any CPU
	EndGlobalSection
	GlobalSection(ProjectConfigurationPlatforms) = postSolution
		{754A2B4A-304D-4B34-8D30-53069CFE8607}.Debug|Any CPU.ActiveCfg = Debug|Any CPU
		{754A2B4A-304D-4B34-8D30-53069CFE8607}.Debug|Any CPU.Build.0 = Debug|Any CPU
		{754A2B4A-304D-4B34-8D30-53069CFE8607}.Debug|Any CPU.Deploy.0 = Debug|Any CPU
		{754A2B4A-304D-4B34-8D30-53069CFE8607}.Release|Any CPU.ActiveCfg = Release|Any CPU
		{754A2B4A-304D-4B34-8D30-53069CFE8607}.Release|Any CPU.Build.0 = Release|Any CPU
		{754A2B4A-304D-4B34-8D30-53069CFE8607}.Release|Any CPU.Deploy.0 = Release|Any CPU
	EndGlobalSection
	GlobalSection(SolutionProperties) = preSolution
		HideSolutionNode = FALSE
	EndGlobalSection
	GlobalSection(ExtensibilityGlobals) = postSolution
		SolutionGuid = {6E53676D-E9B0-492A-AB10-83A9DB19033E}
	EndGlobalSection
EndGlobal
